{
  "name": "test-for-work",
  "version": "1.0.0",
  "lockfileVersion": 3,
  "requires": true,
  "packages": {
    "": {
      "name": "test-for-work",
      "version": "1.0.0",
      "license": "ISC",
      "dependencies": {
        "test-for-work": "file:"
      }
    },
    "node_modules/test-for-work": {
      "resolved": "",
      "link": true
    }
  }
}
